
Microsoft Visual Studio Solution File, Format Version 12.00
# Visual Studio Version 17
VisualStudioVersion = 17.0.31903.59
MinimumVisualStudioVersion = 10.0.40219.1
Project("{FAE04EC0-301F-11D3-BF4B-00C04F79EFBC}") = "Consumer", "Consumer\Consumer.csproj", "{0754274C-4127-41CB-B452-91FE2F893112}"
EndProject
Project("{FAE04EC0-301F-11D3-BF4B-00C04F79EFBC}") = "Producer", "Producer\Producer.csproj", "{5BC91B15-F5D9-4F4E-87F9-E8BBA82717AE}"
EndProject
Global
	GlobalSection(SolutionConfigurationPlatforms) = preSolution
		Debug|Any CPU = Debug|Any CPU
		Release|Any CPU = Release|Any CPU
	EndGlobalSection
	GlobalSection(SolutionProperties) = preSolution
		HideSolutionNode = FALSE
	EndGlobalSection
	GlobalSection(ProjectConfigurationPlatforms) = postSolution
		{0754274C-4127-41CB-B452-91FE2F893112}.Debug|Any CPU.ActiveCfg = Debug|Any CPU
		{0754274C-4127-41CB-B452-91FE2F893112}.Debug|Any CPU.Build.0 = Debug|Any CPU
		{0754274C-4127-41CB-B452-91FE2F893112}.Release|Any CPU.ActiveCfg = Release|Any CPU
		{0754274C-4127-41CB-B452-91FE2F893112}.Release|Any CPU.Build.0 = Release|Any CPU
		{5BC91B15-F5D9-4F4E-87F9-E8BBA82717AE}.Debug|Any CPU.ActiveCfg = Debug|Any CPU
		{5BC91B15-F5D9-4F4E-87F9-E8BBA82717AE}.Debug|Any CPU.Build.0 = Debug|Any CPU
		{5BC91B15-F5D9-4F4E-87F9-E8BBA82717AE}.Release|Any CPU.ActiveCfg = Release|Any CPU
		{5BC91B15-F5D9-4F4E-87F9-E8BBA82717AE}.Release|Any CPU.Build.0 = Release|Any CPU
	EndGlobalSection
EndGlobal
